<?xml version="1.0" encoding="utf-8"?>
<Project ToolsVersion="4.0" xmlns="http://schemas.microsoft.com/developer/msbuild/2003">
  <ItemGroup>
    <Filter Include="Main">
      <UniqueIdentifier>{5e6fe3e2-b770-4385-a5c1-3acbc71c076d}</UniqueIdentifier>
    </Filter>
    <Filter Include="CVector">
      <UniqueIdentifier>{4c832099-e954-421e-9367-525c19cf7269}</UniqueIdentifier>
    </Filter>
    <Filter Include="Player">
      <UniqueIdentifier>{707f7b3c-91c3-4fdd-a03f-d8ac2a8b6c3d}</UniqueIdentifier>
    </Filter>
    <Filter Include="Interface">
      <UniqueIdentifier>{84a10cdb-2896-4748-aac8-a7585dff10ad}</UniqueIdentifier>
    </Filter>
    <Filter Include="Hooks">
      <UniqueIdentifier>{4e5cffc1-dc5c-4db2-bd89-be1c56f49323}</UniqueIdentifier>
    </Filter>
  </ItemGroup>
  <ItemGroup>
    <ClCompile Include="Main\dllmain.cpp">
      <Filter>Main</Filter>
    </ClCompile>
    <ClCompile Include="CVector\CVector.h">
      <Filter>CVector</Filter>
    </ClCompile>
    <ClCompile Include="Player\Player.cpp">
      <Filter>Player</Filter>
    </ClCompile>
  </ItemGroup>
  <ItemGroup>
    <ClInclude Include="Player\Player.h">
      <Filter>Player</Filter>
    </ClInclude>
    <ClInclude Include="Interface\Detours.h">
      <Filter>Interface</Filter>
    </ClInclude>
    <ClInclude Include="Hooks\hooks.hpp">
      <Filter>Hooks</Filter>
    </ClInclude>
    <ClInclude Include="Player\PedStates.h">
      <Filter>Player</Filter>
    </ClInclude>
    <ClInclude Include="Player\PedTypes.h">
      <Filter>Player</Filter>
    </ClInclude>
  </ItemGroup>
  <ItemGroup>
    <Library Include="Interface\Detours.lib">
      <Filter>Interface</Filter>
    </Library>
  </ItemGroup>
</Project>